PODS:
  - FlutterMacOS (1.0.0)
  - location (0.0.1):
    - FlutterMacOS
  - package_info_plus (0.0.1):
    - FlutterMacOS
  - Sentry/HybridSDK (7.31.5)
  - sentry_flutter (0.0.1):
    - Flutter
    - FlutterMacOS
    - Sentry/HybridSDK (= 7.31.5)

DEPENDENCIES:
  - FlutterMacOS (from `Flutter/ephemeral`)
  - location (from `Flutter/ephemeral/.symlinks/plugins/location/macos`)
  - package_info_plus (from `Flutter/ephemeral/.symlinks/plugins/package_info_plus/macos`)
  - sentry_flutter (from `Flutter/ephemeral/.symlinks/plugins/sentry_flutter/macos`)

SPEC REPOS:
  trunk:
    - Sentry

EXTERNAL SOURCES:
  FlutterMacOS:
    :path: Flutter/ephemeral
  location:
    :path: Flutter/ephemeral/.symlinks/plugins/location/macos
  package_info_plus:
    :path: Flutter/ephemeral/.symlinks/plugins/package_info_plus/macos
  sentry_flutter:
    :path: Flutter/ephemeral/.symlinks/plugins/sentry_flutter/macos

SPEC CHECKSUMS:
  FlutterMacOS: ae6af50a8ea7d6103d888583d46bd8328a7e9811
  location: 7cdb0665bd6577d382b0a343acdadbcb7f964775
  package_info_plus: 02d7a575e80f194102bef286361c6c326e4c29ce
  Sentry: 4c9babff9034785067c896fd580b1f7de44da020
  sentry_flutter: 1346a880b24c0240807b53b10cf50ddad40f504e

PODFILE CHECKSUM: 6eac6b3292e5142cfc23bdeb71848a40ec51c14c

COCOAPODS: 1.12.0
